
Microsoft Visual Studio Solution File, Format Version 12.00
# Visual Studio 2013
VisualStudioVersion = 12.0.30723.0
MinimumVisualStudioVersion = 10.0.40219.1
Project("{FAE04EC0-301F-11D3-BF4B-00C04F79EFBC}") = "Blogging.Data", "Blogging.Data\Blogging.Data.csproj", "{BAFFF377-4421-4525-9882-C8C063037356}"
EndProject
Project("{FAE04EC0-301F-11D3-BF4B-00C04F79EFBC}") = "Blogging.Models", "Blogging.Models\Blogging.Models.csproj", "{0EB0A151-9B09-4774-B04D-E1D19E21B2DC}"
EndProject
Project("{FAE04EC0-301F-11D3-BF4B-00C04F79EFBC}") = "Blogging.Web", "Blogging.Web\Blogging.Web.csproj", "{3C3CA157-319C-45F0-AEF9-E6B7DF09E6B5}"
EndProject
Project("{FAE04EC0-301F-11D3-BF4B-00C04F79EFBC}") = "Blogging.Web.Tests", "Blogging.Web.Tests\Blogging.Web.Tests.csproj", "{603BB920-B237-477F-ADB4-46078188E0FE}"
EndProject
Global
	GlobalSection(SolutionConfigurationPlatforms) = preSolution
		Debug|Any CPU = Debug|Any CPU
		Release|Any CPU = Release|Any CPU
	EndGlobalSection
	GlobalSection(ProjectConfigurationPlatforms) = postSolution
		{BAFFF377-4421-4525-9882-C8C063037356}.Debug|Any CPU.ActiveCfg = Debug|Any CPU
		{BAFFF377-4421-4525-9882-C8C063037356}.Debug|Any CPU.Build.0 = Debug|Any CPU
		{BAFFF377-4421-4525-9882-C8C063037356}.Release|Any CPU.ActiveCfg = Release|Any CPU
		{BAFFF377-4421-4525-9882-C8C063037356}.Release|Any CPU.Build.0 = Release|Any CPU
		{0EB0A151-9B09-4774-B04D-E1D19E21B2DC}.Debug|Any CPU.ActiveCfg = Debug|Any CPU
		{0EB0A151-9B09-4774-B04D-E1D19E21B2DC}.Debug|Any CPU.Build.0 = Debug|Any CPU
		{0EB0A151-9B09-4774-B04D-E1D19E21B2DC}.Release|Any CPU.ActiveCfg = Release|Any CPU
		{0EB0A151-9B09-4774-B04D-E1D19E21B2DC}.Release|Any CPU.Build.0 = Release|Any CPU
		{3C3CA157-319C-45F0-AEF9-E6B7DF09E6B5}.Debug|Any CPU.ActiveCfg = Debug|Any CPU
		{3C3CA157-319C-45F0-AEF9-E6B7DF09E6B5}.Debug|Any CPU.Build.0 = Debug|Any CPU
		{3C3CA157-319C-45F0-AEF9-E6B7DF09E6B5}.Release|Any CPU.ActiveCfg = Release|Any CPU
		{3C3CA157-319C-45F0-AEF9-E6B7DF09E6B5}.Release|Any CPU.Build.0 = Release|Any CPU
		{603BB920-B237-477F-ADB4-46078188E0FE}.Debug|Any CPU.ActiveCfg = Debug|Any CPU
		{603BB920-B237-477F-ADB4-46078188E0FE}.Debug|Any CPU.Build.0 = Debug|Any CPU
		{603BB920-B237-477F-ADB4-46078188E0FE}.Release|Any CPU.ActiveCfg = Release|Any CPU
		{603BB920-B237-477F-ADB4-46078188E0FE}.Release|Any CPU.Build.0 = Release|Any CPU
	EndGlobalSection
	GlobalSection(SolutionProperties) = preSolution
		HideSolutionNode = FALSE
	EndGlobalSection
EndGlobal
